
Microsoft Visual Studio Solution File, Format Version 12.00
# Visual Studio Version 17
VisualStudioVersion = 17.0.32112.339
MinimumVisualStudioVersion = 10.0.40219.1
Project("{9A19103F-16F7-4668-BE54-9A1E7A4F7556}") = "01. Ranking", "01. Ranking\01. Ranking.csproj", "{F1878592-99F7-496F-9722-07F586FA347B}"
EndProject
Project("{9A19103F-16F7-4668-BE54-9A1E7A4F7556}") = "02. Judge", "02. Judge\02. Judge.csproj", "{F24FED95-1412-4B64-BA2F-3E5C018F8C2A}"
EndProject
Project("{9A19103F-16F7-4668-BE54-9A1E7A4F7556}") = "03. MOBA Challenger", "03. MOBA Challenger\03. MOBA Challenger.csproj", "{359F3FA2-924D-487D-A808-633D45B02C97}"
EndProject
Project("{9A19103F-16F7-4668-BE54-9A1E7A4F7556}") = "04. Snowwhite", "04. Snowwhite\04. Snowwhite.csproj", "{373A4282-09BD-4E27-9C95-84792AC15999}"
EndProject
Project("{FAE04EC0-301F-11D3-BF4B-00C04F79EFBC}") = "05. Dragon Army", "05. Dragon Army\05. Dragon Army.csproj", "{91C4E781-D35E-476B-B1B1-2FC3B75C7C24}"
EndProject
Global
	GlobalSection(SolutionConfigurationPlatforms) = preSolution
		Debug|Any CPU = Debug|Any CPU
		Release|Any CPU = Release|Any CPU
	EndGlobalSection
	GlobalSection(ProjectConfigurationPlatforms) = postSolution
		{F1878592-99F7-496F-9722-07F586FA347B}.Debug|Any CPU.ActiveCfg = Debug|Any CPU
		{F1878592-99F7-496F-9722-07F586FA347B}.Debug|Any CPU.Build.0 = Debug|Any CPU
		{F1878592-99F7-496F-9722-07F586FA347B}.Release|Any CPU.ActiveCfg = Release|Any CPU
		{F1878592-99F7-496F-9722-07F586FA347B}.Release|Any CPU.Build.0 = Release|Any CPU
		{F24FED95-1412-4B64-BA2F-3E5C018F8C2A}.Debug|Any CPU.ActiveCfg = Debug|Any CPU
		{F24FED95-1412-4B64-BA2F-3E5C018F8C2A}.Debug|Any CPU.Build.0 = Debug|Any CPU
		{F24FED95-1412-4B64-BA2F-3E5C018F8C2A}.Release|Any CPU.ActiveCfg = Release|Any CPU
		{F24FED95-1412-4B64-BA2F-3E5C018F8C2A}.Release|Any CPU.Build.0 = Release|Any CPU
		{359F3FA2-924D-487D-A808-633D45B02C97}.Debug|Any CPU.ActiveCfg = Debug|Any CPU
		{359F3FA2-924D-487D-A808-633D45B02C97}.Debug|Any CPU.Build.0 = Debug|Any CPU
		{359F3FA2-924D-487D-A808-633D45B02C97}.Release|Any CPU.ActiveCfg = Release|Any CPU
		{359F3FA2-924D-487D-A808-633D45B02C97}.Release|Any CPU.Build.0 = Release|Any CPU
		{373A4282-09BD-4E27-9C95-84792AC15999}.Debug|Any CPU.ActiveCfg = Debug|Any CPU
		{373A4282-09BD-4E27-9C95-84792AC15999}.Debug|Any CPU.Build.0 = Debug|Any CPU
		{373A4282-09BD-4E27-9C95-84792AC15999}.Release|Any CPU.ActiveCfg = Release|Any CPU
		{373A4282-09BD-4E27-9C95-84792AC15999}.Release|Any CPU.Build.0 = Release|Any CPU
		{91C4E781-D35E-476B-B1B1-2FC3B75C7C24}.Debug|Any CPU.ActiveCfg = Debug|Any CPU
		{91C4E781-D35E-476B-B1B1-2FC3B75C7C24}.Debug|Any CPU.Build.0 = Debug|Any CPU
		{91C4E781-D35E-476B-B1B1-2FC3B75C7C24}.Release|Any CPU.ActiveCfg = Release|Any CPU
		{91C4E781-D35E-476B-B1B1-2FC3B75C7C24}.Release|Any CPU.Build.0 = Release|Any CPU
	EndGlobalSection
	GlobalSection(SolutionProperties) = preSolution
		HideSolutionNode = FALSE
	EndGlobalSection
	GlobalSection(ExtensibilityGlobals) = postSolution
		SolutionGuid = {1872CD5D-F5C9-4F5F-A5FC-9E8AA9B5EB63}
	EndGlobalSection
EndGlobal
